{
    "_meta": {
        "hash": {
            "sha256": "6caa8658b81a58f4b77dee06edf520ee04f570fcf77cd1f2ffbb8670b004654a"
        },
        "pipfile-spec": 6,
        "requires": {
            "python_version": "3.6"
        },
        "sources": [
            {
                "name": "pypi",
                "url": "https://pypi.org/simple",
                "verify_ssl": true
            }
        ]
    },
    "default": {
        "ablog": {
            "hashes": [
                "sha256:39c01cfcec24a0fb2326530b21164c4bc3c237b69e58fe039f1728052dc63ae2",
                "sha256:c69cbd34f8bee3166b40c89ad3ced2e4dac880a951619372f509d8729af8ce59"
            ],
            "index": "pypi",
            "version": "==0.10.5"
        },
        "actdiag": {
            "hashes": [
                "sha256:dd68850ba44202311f14e5c822c7a5f032c877538dc2fd3de99fdaa96af0fbc4",
                "sha256:f0e830b3a24f0b5681b4b116f5d4c370acca800b4e8cb1c7f828e0565bdaa13c"
            ],
            "version": "==2.0.0"
        },
        "alabaster": {
            "hashes": [
                "sha256:446438bdcca0e05bd45ea2de1668c1d9b032e1a9154c2c259092d77031ddd359",
                "sha256:a661d72d58e6ea8a57f7a86e37d86716863ee5e92788398526d58b26a4e4dc02"
            ],
            "version": "==0.7.12"
        },
        "arrow": {
            "hashes": [
                "sha256:a24c1de90850f6fb2033fd6bf8a11f281e84cb54825e5eabdda219e673b52aac",
                "sha256:eb5d339f00072cc297d7de252a2e75f272085d1231a3723f1026d1fa91367118"
            ],
            "index": "pypi",
            "version": "==0.15.6"
        },
        "babel": {
            "hashes": [
                "sha256:ab49e12b91d937cd11f0b67cb259a57ab4ad2b59ac7a3b41d6c06c0ac5b0def9",
                "sha256:bc0c176f9f6a994582230df350aa6e05ba2ebe4b3ac317eab29d9be5d2768da0"
            ],
            "version": "==2.9.1"
        },
        "blockdiag": {
            "hashes": [
                "sha256:16a69dd9f3b44c9e0869999ce82aa968586698febc86ece9ca0c902dba772397",
                "sha256:fa0b47cf25bfc4d546b7fc284c70c3bac875a066e744b4a6b1d9ba457e4ed077"
            ],
            "version": "==2.0.1"
        },
        "certifi": {
            "hashes": [
                "sha256:2bbf76fd432960138b3ef6dda3dde0544f27cbf8546c458e60baf371917ba9ee",
                "sha256:50b1e4f8446b06f41be7dd6338db18e0990601dce795c2b1686458aa7e8fa7d8"
            ],
            "version": "==2021.5.30"
        },
        "chardet": {
            "hashes": [
                "sha256:0d6f53a15db4120f2b08c94f11e7d93d2c911ee118b6b30a04ec3ee8310179fa",
                "sha256:f864054d66fd9118f2e67044ac8981a54775ec5b67aed0441892edb553d21da5"
            ],
            "version": "==4.0.0"
        },
        "cloud-sptheme": {
            "hashes": [
                "sha256:82be47ddebbc045e7386269fc062f79d6f87cefe8e5c1e35fe0e9f4266a57723",
                "sha256:caf47ac4c6346eef47fc11e799adbeaf645921c712cc099cf2530560e7ecde44"
            ],
            "index": "pypi",
            "version": "==1.10.1.post20200504175005"
        },
        "docutils": {
            "hashes": [
                "sha256:686577d2e4c32380bb50cbb22f575ed742d58168cee37e99117a854bcd88f125",
                "sha256:cf316c8370a737a022b72b56874f6602acf974a37a9fba42ec2876387549fc61"
            ],
            "version": "==0.17.1"
        },
        "funcparserlib": {
            "hashes": [
                "sha256:b7992eac1a3eb97b3d91faa342bfda0729e990bd8a43774c1592c091e563c91d"
            ],
            "version": "==0.3.6"
        },
        "humanize": {
            "hashes": [
                "sha256:07dd1293bac6c77daa5ccdc22c0b41b2315bee0e339a9f035ba86a9f1a272002",
                "sha256:42ae7d54b398c01bd100847f6cb0fc9e381c21be8ad3f8e2929135e48dbff026"
            ],
            "index": "pypi",
            "version": "==2.4.0"
        },
        "idna": {
            "hashes": [
                "sha256:b307872f855b18632ce0c21c5e45be78c0ea7ae4c15c828c20788b26921eb3f6",
                "sha256:b97d804b1e9b523befed77c48dacec60e6dcb0b5391d57af6a65a312a90648c0"
            ],
            "version": "==2.10"
        },
        "imagesize": {
            "hashes": [
                "sha256:6965f19a6a2039c7d48bca7dba2473069ff854c36ae6f19d2cde309d998228a1",
                "sha256:b1f6b5a4eab1f73479a50fb79fcf729514a900c341d8503d62a62dbc4127a2b1"
            ],
            "version": "==1.2.0"
        },
        "invoke": {
            "hashes": [
                "sha256:7e44d98a7dc00c91c79bac9e3007276965d2c96884b3c22077a9f04042bd6d90",
                "sha256:da7c2d0be71be83ffd6337e078ef9643f41240024d6b2659e7b46e0b251e339f",
                "sha256:f0c560075b5fb29ba14dad44a7185514e94970d1b9d57dcd3723bec5fed92650"
            ],
            "version": "==1.5.0"
        },
        "jinja2": {
            "hashes": [
                "sha256:1f06f2da51e7b56b8f238affdd6b4e2c61e39598a378cc49345bc1bd42a978a4",
                "sha256:703f484b47a6af502e743c9122595cc812b0271f661722403114f71a79d0f5a4"
            ],
            "version": "==3.0.1"
        },
        "markupsafe": {
            "hashes": [
                "sha256:01a9b8ea66f1658938f65b93a85ebe8bc016e6769611be228d797c9d998dd298",
                "sha256:023cb26ec21ece8dc3907c0e8320058b2e0cb3c55cf9564da612bc325bed5e64",
                "sha256:0446679737af14f45767963a1a9ef7620189912317d095f2d9ffa183a4d25d2b",
                "sha256:0717a7390a68be14b8c793ba258e075c6f4ca819f15edfc2a3a027c823718567",
                "sha256:0955295dd5eec6cb6cc2fe1698f4c6d84af2e92de33fbcac4111913cd100a6ff",
                "sha256:10f82115e21dc0dfec9ab5c0223652f7197feb168c940f3ef61563fc2d6beb74",
                "sha256:1d609f577dc6e1aa17d746f8bd3c31aa4d258f4070d61b2aa5c4166c1539de35",
                "sha256:2ef54abee730b502252bcdf31b10dacb0a416229b72c18b19e24a4509f273d26",
                "sha256:3c112550557578c26af18a1ccc9e090bfe03832ae994343cfdacd287db6a6ae7",
                "sha256:47ab1e7b91c098ab893b828deafa1203de86d0bc6ab587b160f78fe6c4011f75",
                "sha256:49e3ceeabbfb9d66c3aef5af3a60cc43b85c33df25ce03d0031a608b0a8b2e3f",
                "sha256:4efca8f86c54b22348a5467704e3fec767b2db12fc39c6d963168ab1d3fc9135",
                "sha256:53edb4da6925ad13c07b6d26c2a852bd81e364f95301c66e930ab2aef5b5ddd8",
                "sha256:594c67807fb16238b30c44bdf74f36c02cdf22d1c8cda91ef8a0ed8dabf5620a",
                "sha256:611d1ad9a4288cf3e3c16014564df047fe08410e628f89805e475368bd304914",
                "sha256:6557b31b5e2c9ddf0de32a691f2312a32f77cd7681d8af66c2692efdbef84c18",
                "sha256:693ce3f9e70a6cf7d2fb9e6c9d8b204b6b39897a2c4a1aa65728d5ac97dcc1d8",
                "sha256:6a7fae0dd14cf60ad5ff42baa2e95727c3d81ded453457771d02b7d2b3f9c0c2",
                "sha256:6c4ca60fa24e85fe25b912b01e62cb969d69a23a5d5867682dd3e80b5b02581d",
                "sha256:7d91275b0245b1da4d4cfa07e0faedd5b0812efc15b702576d103293e252af1b",
                "sha256:905fec760bd2fa1388bb5b489ee8ee5f7291d692638ea5f67982d968366bef9f",
                "sha256:97383d78eb34da7e1fa37dd273c20ad4320929af65d156e35a5e2d89566d9dfb",
                "sha256:984d76483eb32f1bcb536dc27e4ad56bba4baa70be32fa87152832cdd9db0833",
                "sha256:a30e67a65b53ea0a5e62fe23682cfe22712e01f453b95233b25502f7c61cb415",
                "sha256:ab3ef638ace319fa26553db0624c4699e31a28bb2a835c5faca8f8acf6a5a902",
                "sha256:b2f4bf27480f5e5e8ce285a8c8fd176c0b03e93dcc6646477d4630e83440c6a9",
                "sha256:b7f2d075102dc8c794cbde1947378051c4e5180d52d276987b8d28a3bd58c17d",
                "sha256:be98f628055368795d818ebf93da628541e10b75b41c559fdf36d104c5787066",
                "sha256:d7f9850398e85aba693bb640262d3611788b1f29a79f0c93c565694658f4071f",
                "sha256:f5653a225f31e113b152e56f154ccbe59eeb1c7487b39b9d9f9cdb58e6c79dc5",
                "sha256:f826e31d18b516f653fe296d967d700fddad5901ae07c622bb3705955e1faa94",
                "sha256:f8ba0e8349a38d3001fae7eadded3f6606f0da5d748ee53cc1dab1d6527b9509",
                "sha256:f9081981fe268bd86831e5c75f7de206ef275defcb82bc70740ae6dc507aee51",
                "sha256:fa130dd50c57d53368c9d59395cb5526eda596d3ffe36666cd81a44d56e48872"
            ],
            "version": "==2.0.1"
        },
        "nwdiag": {
            "hashes": [
                "sha256:5cd7fafd6085cd762ca9171234d07d2a33c6e81f5c66a1b233992e76300d74e2",
                "sha256:76b9a734d93e6c72efd357efd973094a84648b2b727a06e982e229ec9384336e"
            ],
            "version": "==2.0.0"
        },
        "packaging": {
            "hashes": [
                "sha256:5b327ac1320dc863dca72f4514ecc086f31186744b84a230374cc1fd776feae5",
                "sha256:67714da7f7bc052e064859c05c595155bd1ee9f69f76557e21f051443c20947a"
            ],
            "version": "==20.9"
        },
        "pdfrw": {
            "hashes": [
                "sha256:0dc0494a0e6561b268542b28ede2280387c2728114f117d3bb5d8e4787b93ef4",
                "sha256:758289edaa3b672e9a1a67504be73c18ec668d4e5b9d5ac9cbc0dc753d8d196b"
            ],
            "version": "==0.4"
        },
        "pillow": {
            "hashes": [
                "sha256:01425106e4e8cee195a411f729cff2a7d61813b0b11737c12bd5991f5f14bcd5",
                "sha256:031a6c88c77d08aab84fecc05c3cde8414cd6f8406f4d2b16fed1e97634cc8a4",
                "sha256:083781abd261bdabf090ad07bb69f8f5599943ddb539d64497ed021b2a67e5a9",
                "sha256:0d19d70ee7c2ba97631bae1e7d4725cdb2ecf238178096e8c82ee481e189168a",
                "sha256:0e04d61f0064b545b989126197930807c86bcbd4534d39168f4aa5fda39bb8f9",
                "sha256:12e5e7471f9b637762453da74e390e56cc43e486a88289995c1f4c1dc0bfe727",
                "sha256:22fd0f42ad15dfdde6c581347eaa4adb9a6fc4b865f90b23378aa7914895e120",
                "sha256:238c197fc275b475e87c1453b05b467d2d02c2915fdfdd4af126145ff2e4610c",
                "sha256:3b570f84a6161cf8865c4e08adf629441f56e32f180f7aa4ccbd2e0a5a02cba2",
                "sha256:463822e2f0d81459e113372a168f2ff59723e78528f91f0bd25680ac185cf797",
                "sha256:4d98abdd6b1e3bf1a1cbb14c3895226816e666749ac040c4e2554231068c639b",
                "sha256:5afe6b237a0b81bd54b53f835a153770802f164c5570bab5e005aad693dab87f",
                "sha256:5b70110acb39f3aff6b74cf09bb4169b167e2660dabc304c1e25b6555fa781ef",
                "sha256:5cbf3e3b1014dddc45496e8cf38b9f099c95a326275885199f427825c6522232",
                "sha256:624b977355cde8b065f6d51b98497d6cd5fbdd4f36405f7a8790e3376125e2bb",
                "sha256:63728564c1410d99e6d1ae8e3b810fe012bc440952168af0a2877e8ff5ab96b9",
                "sha256:66cc56579fd91f517290ab02c51e3a80f581aba45fd924fcdee01fa06e635812",
                "sha256:6c32cc3145928c4305d142ebec682419a6c0a8ce9e33db900027ddca1ec39178",
                "sha256:8b56553c0345ad6dcb2e9b433ae47d67f95fc23fe28a0bde15a120f25257e291",
                "sha256:8bb1e155a74e1bfbacd84555ea62fa21c58e0b4e7e6b20e4447b8d07990ac78b",
                "sha256:95d5ef984eff897850f3a83883363da64aae1000e79cb3c321915468e8c6add5",
                "sha256:a013cbe25d20c2e0c4e85a9daf438f85121a4d0344ddc76e33fd7e3965d9af4b",
                "sha256:a787ab10d7bb5494e5f76536ac460741788f1fbce851068d73a87ca7c35fc3e1",
                "sha256:a7d5e9fad90eff8f6f6106d3b98b553a88b6f976e51fce287192a5d2d5363713",
                "sha256:aac00e4bc94d1b7813fe882c28990c1bc2f9d0e1aa765a5f2b516e8a6a16a9e4",
                "sha256:b91c36492a4bbb1ee855b7d16fe51379e5f96b85692dc8210831fbb24c43e484",
                "sha256:c03c07ed32c5324939b19e36ae5f75c660c81461e312a41aea30acdd46f93a7c",
                "sha256:c5236606e8570542ed424849f7852a0ff0bce2c4c8d0ba05cc202a5a9c97dee9",
                "sha256:c6b39294464b03457f9064e98c124e09008b35a62e3189d3513e5148611c9388",
                "sha256:cb7a09e173903541fa888ba010c345893cd9fc1b5891aaf060f6ca77b6a3722d",
                "sha256:d68cb92c408261f806b15923834203f024110a2e2872ecb0bd2a110f89d3c602",
                "sha256:dc38f57d8f20f06dd7c3161c59ca2c86893632623f33a42d592f097b00f720a9",
                "sha256:e98eca29a05913e82177b3ba3d198b1728e164869c613d76d0de4bde6768a50e",
                "sha256:f217c3954ce5fd88303fc0c317af55d5e0204106d86dea17eb8205700d47dec2"
            ],
            "index": "pypi",
            "version": "==8.2.0"
        },
        "pygments": {
            "hashes": [
                "sha256:a18f47b506a429f6f4b9df81bb02beab9ca21d0a5fee38ed15aef65f0545519f",
                "sha256:d66e804411278594d764fc69ec36ec13d9ae9147193a1740cd34d272ca383b8e"
            ],
            "version": "==2.9.0"
        },
        "pyparsing": {
            "hashes": [
                "sha256:c203ec8783bf771a155b207279b9bccb8dea02d8f0c9e5f8ead507bc3246ecc1",
                "sha256:ef9d7589ef3c200abe66653d3f1ab1033c3c419ae9b9bdb1240a85b024efc88b"
            ],
            "version": "==2.4.7"
        },
        "python-dateutil": {
            "hashes": [
                "sha256:73ebfe9dbf22e832286dafa60473e4cd239f8592f699aa5adaf10050e6e1823c",
                "sha256:75bb3f31ea686f1197762692a9ee6a7550b59fc6ca3a1f4b5d7e32fb98e2da2a"
            ],
            "version": "==2.8.1"
        },
        "pytz": {
            "hashes": [
                "sha256:83a4a90894bf38e243cf052c8b58f381bfe9a7a483f6a9cab140bc7f702ac4da",
                "sha256:eb10ce3e7736052ed3623d49975ce333bcd712c7bb19a58b9e2089d4057d0798"
            ],
            "version": "==2021.1"
        },
        "reportlab": {
            "hashes": [
                "sha256:0cf2206c73fbca752c8bd39e12bb9ad7f2d01e6fcb2b25b9eaf94ea042fe86c9",
                "sha256:0d670e119d7f7a68a1136de024464999e8e3d5d1491f23cdd39d5d72481af88f",
                "sha256:1656722530b3bbce012b093abf6290ab76dcba39d21f9e703310b008ddc7ffe9",
                "sha256:1e41b441542881e007420530bbc028f08c0f546ecaaebdf9f065f901acdac106",
                "sha256:34d827c771d6b4d7b45f7fc49a638c97fbd8a0fab6c9d3838ff04d307420b739",
                "sha256:370c5225f0c395a9f1482ac8d4f974d2073548f186eaf49ceb91414f534ad4d8",
                "sha256:42b90b0cb3556f4d1cc1c538345abc249b6ff58939d3af5e37f5fa8421d9ae07",
                "sha256:492bd47aabeaa3215cde7a8d3c0d88c909bf7e6b63f0b511a645f1ffc1e948f6",
                "sha256:4c5785b018ed6f48e762737deaa6b7528b0ba43ad67fca566bf10d0337a76dcd",
                "sha256:519ef25d49fe807c6c0402abb5fe4d14b47a8e2358050d8d7673beecfbe116b2",
                "sha256:51a2d5de2c605117cd25dfb3f51d1d14caf1cbed4ef6db582f085eeb0a0c922f",
                "sha256:55ef4476b2cdecfa643ae4d7591aa157568f903c378c83ea544650b33b2d856d",
                "sha256:5b4acfb15ca028bbc652a6c8d63073dec2a3c8c0db7585d68b96b52940f65899",
                "sha256:5c483c96d4cbeb4919ad9fcf2f262e8e08e34dcbcf8d2bda16263ef002c890d4",
                "sha256:5c931032aa955431c808e469eb0780ca7d12b39228a02ae7ea09f63d47b1e260",
                "sha256:6a3119d0e985e5c7dadfcf29fb79bbab19806b08ad901622b23f5868c0221fce",
                "sha256:72bb5417f198eb059f01d5a9e1ef80f2fbaf3eaa4cd63e9a681bbbd0ed9fcdf9",
                "sha256:8cd355f8a4c7c126a246f4b4a9803c80498939709bb37d3db4f8dbee1eb7d8f0",
                "sha256:9517f26a512a62d49fc4800222b306e21a14ceec8bd82c93182313ef1eefaa7a",
                "sha256:9945e80a0a6e370f90a23907cc70a0811e808f79420fb9051e26d9c79eb8e26b",
                "sha256:9989737a409235a734ec783b0545f2966247b26ff555e847f3d0f945e5a11493",
                "sha256:9c0d71aef4fb5d30dc6ebd08a2bce317a7eaf37d468f85320947eb580daea90a",
                "sha256:9d48fd4a1c2d98ec6686511717f0980d36f5590e038d5afe4e5241f328f06e38",
                "sha256:af12fbff15a9652ef117456d1d6a4d6fade8fdc02670d6fd31212402e9d03559",
                "sha256:b2b72a0742a493979c348dc3c9a329bd5b87e4243ffecf837b1c8739d58410ba",
                "sha256:bda784ebb116d56d3e7133c8e0942cf68cb7fd58bdccf57231dbe56b6430eb01",
                "sha256:df2784a474028b15a723f6b347625f1f91740de418bed4a0a2694c954de34dd7",
                "sha256:e2b47a8e0126ec0a3820a2e299a94a6fc29ba132249957dd32c447d380eaae5f",
                "sha256:e4b9b443e88735be4927529d66d9e1164b4fbd6a882e90114967eedc6ad608e7"
            ],
            "version": "==3.5.67"
        },
        "requests": {
            "hashes": [
                "sha256:27973dd4a904a4f13b263a19c866c13b92a39ed1c964655f025f3f8d3d75b804",
                "sha256:c210084e36a42ae6b9219e00e48287def368a26d03a048ddad7bfee44f75871e"
            ],
            "version": "==2.25.1"
        },
        "rst2pdf": {
            "hashes": [
                "sha256:343a2a75b2fe8cdf174c170a547a43b294129e68e24be8c18a6b9d1494c9f0b1",
                "sha256:dd5490112a35ac8dc5bbc64be01ee460d1fcde80086560ca2bda8ee6e6f1ccb1"
            ],
            "index": "pypi",
            "version": "==0.97"
        },
        "seqdiag": {
            "hashes": [
                "sha256:3167f16b4d15f3cd20de302fa600c96e4a50c92dae873bcbcf136c7588eeaa48",
                "sha256:93ebc7a0c6b56b6ba0d1e36863c5749f03e82c487b6d1e6f1103b4219323f24c"
            ],
            "version": "==2.0.0"
        },
        "six": {
            "hashes": [
                "sha256:1e61c37477a1626458e36f7b1d82aa5c9b094fa4802892072e49de9c60c4c926",
                "sha256:8abb2f1d86890a2dfb989f9a77cfcfd3e47c2a354b01111771326f8aa26e0254"
            ],
            "version": "==1.16.0"
        },
        "smartypants": {
            "hashes": [
                "sha256:8db97f7cbdf08d15b158a86037cd9e116b4cf37703d24e0419a0d64ca5808f0d"
            ],
            "version": "==2.0.1"
        },
        "snowballstemmer": {
            "hashes": [
                "sha256:b51b447bea85f9968c13b650126a888aabd4cb4463fca868ec596826325dedc2",
                "sha256:e997baa4f2e9139951b6f4c631bad912dfd3c792467e2f03d7239464af90e914"
            ],
            "version": "==2.1.0"
        },
        "sphinx": {
            "hashes": [
                "sha256:62edfd92d955b868d6c124c0942eba966d54b5f3dcb4ded39e65f74abac3f572",
                "sha256:f5505d74cf9592f3b997380f9bdb2d2d0320ed74dd69691e3ee0644b956b8d83"
            ],
            "index": "pypi",
            "version": "==3.0.3"
        },
        "sphinx-automodapi": {
            "hashes": [
                "sha256:e1019336df7f7f0bcbf848eff7b84e7bef71691a57d8b5bda9107a2a046a226a",
                "sha256:f9ebc9c10597f3aab1d93e5a8b1829903eee7c64f5bafb0cf71fd40e5c7d95f0"
            ],
            "version": "==0.13"
        },
        "sphinx-rtd-theme": {
            "hashes": [
                "sha256:00cf895504a7895ee433807c62094cf1e95f065843bf3acd17037c3e9a2becd4",
                "sha256:728607e34d60456d736cc7991fd236afb828b21b82f956c5ea75f94c8414040a"
            ],
            "index": "pypi",
            "version": "==0.4.3"
        },
        "sphinxcontrib-actdiag": {
            "hashes": [
                "sha256:4edb8564e2e48a0e0c50b2e7743425ad34f1f11886c37e0cb23997a0f95a74c6",
                "sha256:7c828ffcdc5ba40aaf18ca08a1603e6c11a0eaab6ece6b60b775e9040ceeedbe"
            ],
            "index": "pypi",
            "version": "==2.0.0"
        },
        "sphinxcontrib-applehelp": {
            "hashes": [
                "sha256:806111e5e962be97c29ec4c1e7fe277bfd19e9652fb1a4392105b43e01af885a",
                "sha256:a072735ec80e7675e3f432fcae8610ecf509c5f1869d17e2eecff44389cdbc58"
            ],
            "version": "==1.0.2"
        },
        "sphinxcontrib-blockdiag": {
            "hashes": [
                "sha256:51ce7cff8d25dfd4c8a753d5aa5491e6dbf280004719c49e8001e583ecda7d91",
                "sha256:91fd35b64f1f25db59d80b8a5196ed4ffadf57a81f63ee207e34d53ec36d8f97"
            ],
            "index": "pypi",
            "version": "==2.0.0"
        },
        "sphinxcontrib-devhelp": {
            "hashes": [
                "sha256:8165223f9a335cc1af7ffe1ed31d2871f325254c0423bc0c4c7cd1c1e4734a2e",
                "sha256:ff7f1afa7b9642e7060379360a67e9c41e8f3121f2ce9164266f61b9f4b338e4"
            ],
            "version": "==1.0.2"
        },
        "sphinxcontrib-htmlhelp": {
            "hashes": [
                "sha256:d412243dfb797ae3ec2b59eca0e52dac12e75a241bf0e4eb861e450d06c6ed07",
                "sha256:f5f8bb2d0d629f398bf47d0d69c07bc13b65f75a81ad9e2f71a63d4b7a2f6db2"
            ],
            "version": "==2.0.0"
        },
        "sphinxcontrib-jsmath": {
            "hashes": [
                "sha256:2ec2eaebfb78f3f2078e73666b1415417a116cc848b72e5172e596c871103178",
                "sha256:a9925e4a4587247ed2191a22df5f6970656cb8ca2bd6284309578f2153e0c4b8"
            ],
            "version": "==1.0.1"
        },
        "sphinxcontrib-nwdiag": {
            "hashes": [
                "sha256:5aae8c83b19e940409554b69249cf97e4f565331effd208cca9fddbc90b6ea36",
                "sha256:6ee95ad43bad46fe8dc1f65185c8997cb1d16665eee36a7eaaf6de13137ff859"
            ],
            "index": "pypi",
            "version": "==2.0.0"
        },
        "sphinxcontrib-plantuml": {
            "hashes": [
                "sha256:accc8c57f953cc74e87d043e5599b46eb5e5e9c4e3291e8c7822dcdd6c2ba520"
            ],
            "index": "pypi",
            "version": "==0.18"
        },
        "sphinxcontrib-qthelp": {
            "hashes": [
                "sha256:4c33767ee058b70dba89a6fc5c1892c0d57a54be67ddd3e7875a18d14cba5a72",
                "sha256:bd9fc24bcb748a8d51fd4ecaade681350aa63009a347a8c14e637895444dfab6"
            ],
            "version": "==1.0.3"
        },
        "sphinxcontrib-seqdiag": {
            "hashes": [
                "sha256:4c7275adafd6d97fe541a0e319b2f6ed5327d2558f240a7080a32b3e12f4258d",
                "sha256:f1a18953e9ccc0b316d7c28edfb97048030dea9bc37c97480dbc0bed5851d377"
            ],
            "index": "pypi",
            "version": "==2.0.0"
        },
        "sphinxcontrib-serializinghtml": {
            "hashes": [
                "sha256:352a9a00ae864471d3a7ead8d7d79f5fc0b57e8b3f95e9867eb9eb28999b92fd",
                "sha256:aa5f6de5dfdf809ef505c4895e51ef5c9eac17d0f287933eb49ec495280b6952"
            ],
            "version": "==1.1.5"
        },
        "urllib3": {
            "hashes": [
                "sha256:753a0374df26658f99d826cfe40394a686d05985786d946fbe4165b5148f5a7c",
                "sha256:a7acd0977125325f516bda9735fa7142b909a8d01e8b2e4c8108d0984e6e0098"
            ],
            "version": "==1.26.5"
        },
        "watchdog": {
            "hashes": [
                "sha256:0237db4d9024859bea27d0efb59fe75eef290833fd988b8ead7a879b0308c2db",
                "sha256:104266a778906ae0e971368d368a65c4cd032a490a9fca5ba0b78c6c7ae11720",
                "sha256:188145185c08c73c56f1478ccf1f0f0f85101191439679b35b6b100886ce0b39",
                "sha256:1a62a4671796dc93d1a7262286217d9e75823c63d4c42782912d39a506d30046",
                "sha256:255a32d44bbbe62e52874ff755e2eefe271b150e0ec240ad7718a62a7a7a73c4",
                "sha256:3d6405681471ebe0beb3aa083998c4870e48b57f8afdb45ea1b5957cc5cf1014",
                "sha256:4b219d46d89cfa49af1d73175487c14a318a74cb8c5442603fd13c6a5b418c86",
                "sha256:581e3548159fe7d2a9f377a1fbcb41bdcee46849cca8ab803c7ac2e5e04ec77c",
                "sha256:58ebb1095ee493008a7789d47dd62e4999505d82be89fc884d473086fccc6ebd",
                "sha256:598d772beeaf9c98d0df946fbabf0c8365dd95ea46a250c224c725fe0c4730bc",
                "sha256:668391e6c32742d76e5be5db6bf95c455fa4b3d11e76a77c13b39bccb3a47a72",
                "sha256:6ef9fe57162c4c361692620e1d9167574ba1975ee468b24051ca11c9bba6438e",
                "sha256:91387ee2421f30b75f7ff632c9d48f76648e56bf346a7c805c0a34187a93aab4",
                "sha256:a42e6d652f820b2b94cd03156c62559a2ea68d476476dfcd77d931e7f1012d4a",
                "sha256:a6471517315a8541a943c00b45f1d252e36898a3ae963d2d52509b89a50cb2b9",
                "sha256:d34ce2261f118ecd57eedeef95fc2a495fc4a40b3ed7b3bf0bd7a8ccc1ab4f8f",
                "sha256:edcd9ef3fd460bb8a98eb1fcf99941e9fd9f275f45f1a82cb1359ec92975d647"
            ],
            "version": "==2.1.2"
        },
        "webcolors": {
            "hashes": [
                "sha256:76f360636957d1c976db7466bc71dcb713bb95ac8911944dffc55c01cb516de6",
                "sha256:b8cd5d865a25c51ff1218f0c90d0c0781fc64312a49b746b320cf50de1648f6e"
            ],
            "version": "==1.11.1"
        },
        "werkzeug": {
            "hashes": [
                "sha256:1e0dedc2acb1f46827daa2e399c1485c8fa17c0d8e70b6b875b4e7f54bf408d2",
                "sha256:b353856d37dec59d6511359f97f6a4b2468442e454bd1c98298ddce53cac1f04"
            ],
            "version": "==0.16.1"
        }
    },
    "develop": {}
}
