{
    "_meta": {
        "hash": {
            "sha256": "6caa8658b81a58f4b77dee06edf520ee04f570fcf77cd1f2ffbb8670b004654a"
        },
        "pipfile-spec": 6,
        "requires": {
            "python_version": "3.6"
        },
        "sources": [
            {
                "name": "pypi",
                "url": "https://pypi.org/simple",
                "verify_ssl": true
            }
        ]
    },
    "default": {
        "ablog": {
            "hashes": [
                "sha256:39c01cfcec24a0fb2326530b21164c4bc3c237b69e58fe039f1728052dc63ae2",
                "sha256:c69cbd34f8bee3166b40c89ad3ced2e4dac880a951619372f509d8729af8ce59"
            ],
            "index": "pypi",
            "version": "==0.10.5"
        },
        "actdiag": {
            "hashes": [
                "sha256:dd68850ba44202311f14e5c822c7a5f032c877538dc2fd3de99fdaa96af0fbc4",
                "sha256:f0e830b3a24f0b5681b4b116f5d4c370acca800b4e8cb1c7f828e0565bdaa13c"
            ],
            "version": "==2.0.0"
        },
        "alabaster": {
            "hashes": [
                "sha256:446438bdcca0e05bd45ea2de1668c1d9b032e1a9154c2c259092d77031ddd359",
                "sha256:a661d72d58e6ea8a57f7a86e37d86716863ee5e92788398526d58b26a4e4dc02"
            ],
            "version": "==0.7.12"
        },
        "arrow": {
            "hashes": [
                "sha256:a24c1de90850f6fb2033fd6bf8a11f281e84cb54825e5eabdda219e673b52aac",
                "sha256:eb5d339f00072cc297d7de252a2e75f272085d1231a3723f1026d1fa91367118"
            ],
            "index": "pypi",
            "version": "==0.15.6"
        },
        "babel": {
            "hashes": [
                "sha256:9d35c22fcc79893c3ecc85ac4a56cde1ecf3f19c540bba0922308a6c06ca6fa5",
                "sha256:da031ab54472314f210b0adcff1588ee5d1d1d0ba4dbd07b94dba82bde791e05"
            ],
            "version": "==2.9.0"
        },
        "blockdiag": {
            "hashes": [
                "sha256:16a69dd9f3b44c9e0869999ce82aa968586698febc86ece9ca0c902dba772397",
                "sha256:fa0b47cf25bfc4d546b7fc284c70c3bac875a066e744b4a6b1d9ba457e4ed077"
            ],
            "version": "==2.0.1"
        },
        "certifi": {
            "hashes": [
                "sha256:1a4995114262bffbc2413b159f2a1a480c969de6e6eb13ee966d470af86af59c",
                "sha256:719a74fb9e33b9bd44cc7f3a8d94bc35e4049deebe19ba7d8e108280cfd59830"
            ],
            "version": "==2020.12.5"
        },
        "chardet": {
            "hashes": [
                "sha256:0d6f53a15db4120f2b08c94f11e7d93d2c911ee118b6b30a04ec3ee8310179fa",
                "sha256:f864054d66fd9118f2e67044ac8981a54775ec5b67aed0441892edb553d21da5"
            ],
            "version": "==4.0.0"
        },
        "cloud-sptheme": {
            "hashes": [
                "sha256:82be47ddebbc045e7386269fc062f79d6f87cefe8e5c1e35fe0e9f4266a57723",
                "sha256:caf47ac4c6346eef47fc11e799adbeaf645921c712cc099cf2530560e7ecde44"
            ],
            "index": "pypi",
            "version": "==1.10.1.post20200504175005"
        },
        "docutils": {
            "hashes": [
                "sha256:0c5b78adfbf7762415433f5515cd5c9e762339e23369dbe8000d84a4bf4ab3af",
                "sha256:c2de3a60e9e7d07be26b7f2b00ca0309c207e06c100f9cc2a94931fc75a478fc"
            ],
            "version": "==0.16"
        },
        "funcparserlib": {
            "hashes": [
                "sha256:b7992eac1a3eb97b3d91faa342bfda0729e990bd8a43774c1592c091e563c91d"
            ],
            "version": "==0.3.6"
        },
        "humanize": {
            "hashes": [
                "sha256:07dd1293bac6c77daa5ccdc22c0b41b2315bee0e339a9f035ba86a9f1a272002",
                "sha256:42ae7d54b398c01bd100847f6cb0fc9e381c21be8ad3f8e2929135e48dbff026"
            ],
            "index": "pypi",
            "version": "==2.4.0"
        },
        "idna": {
            "hashes": [
                "sha256:b307872f855b18632ce0c21c5e45be78c0ea7ae4c15c828c20788b26921eb3f6",
                "sha256:b97d804b1e9b523befed77c48dacec60e6dcb0b5391d57af6a65a312a90648c0"
            ],
            "version": "==2.10"
        },
        "imagesize": {
            "hashes": [
                "sha256:6965f19a6a2039c7d48bca7dba2473069ff854c36ae6f19d2cde309d998228a1",
                "sha256:b1f6b5a4eab1f73479a50fb79fcf729514a900c341d8503d62a62dbc4127a2b1"
            ],
            "version": "==1.2.0"
        },
        "invoke": {
            "hashes": [
                "sha256:7e44d98a7dc00c91c79bac9e3007276965d2c96884b3c22077a9f04042bd6d90",
                "sha256:da7c2d0be71be83ffd6337e078ef9643f41240024d6b2659e7b46e0b251e339f",
                "sha256:f0c560075b5fb29ba14dad44a7185514e94970d1b9d57dcd3723bec5fed92650"
            ],
            "version": "==1.5.0"
        },
        "jinja2": {
            "hashes": [
                "sha256:03e47ad063331dd6a3f04a43eddca8a966a26ba0c5b7207a9a9e4e08f1b29419",
                "sha256:a6d58433de0ae800347cab1fa3043cebbabe8baa9d29e668f1c768cb87a333c6"
            ],
            "version": "==2.11.3"
        },
        "markupsafe": {
            "hashes": [
                "sha256:00bc623926325b26bb9605ae9eae8a215691f33cae5df11ca5424f06f2d1f473",
                "sha256:09027a7803a62ca78792ad89403b1b7a73a01c8cb65909cd876f7fcebd79b161",
                "sha256:09c4b7f37d6c648cb13f9230d847adf22f8171b1ccc4d5682398e77f40309235",
                "sha256:1027c282dad077d0bae18be6794e6b6b8c91d58ed8a8d89a89d59693b9131db5",
                "sha256:13d3144e1e340870b25e7b10b98d779608c02016d5184cfb9927a9f10c689f42",
                "sha256:195d7d2c4fbb0ee8139a6cf67194f3973a6b3042d742ebe0a9ed36d8b6f0c07f",
                "sha256:22c178a091fc6630d0d045bdb5992d2dfe14e3259760e713c490da5323866c39",
                "sha256:24982cc2533820871eba85ba648cd53d8623687ff11cbb805be4ff7b4c971aff",
                "sha256:29872e92839765e546828bb7754a68c418d927cd064fd4708fab9fe9c8bb116b",
                "sha256:2beec1e0de6924ea551859edb9e7679da6e4870d32cb766240ce17e0a0ba2014",
                "sha256:3b8a6499709d29c2e2399569d96719a1b21dcd94410a586a18526b143ec8470f",
                "sha256:43a55c2930bbc139570ac2452adf3d70cdbb3cfe5912c71cdce1c2c6bbd9c5d1",
                "sha256:46c99d2de99945ec5cb54f23c8cd5689f6d7177305ebff350a58ce5f8de1669e",
                "sha256:500d4957e52ddc3351cabf489e79c91c17f6e0899158447047588650b5e69183",
                "sha256:535f6fc4d397c1563d08b88e485c3496cf5784e927af890fb3c3aac7f933ec66",
                "sha256:596510de112c685489095da617b5bcbbac7dd6384aeebeda4df6025d0256a81b",
                "sha256:62fe6c95e3ec8a7fad637b7f3d372c15ec1caa01ab47926cfdf7a75b40e0eac1",
                "sha256:6788b695d50a51edb699cb55e35487e430fa21f1ed838122d722e0ff0ac5ba15",
                "sha256:6dd73240d2af64df90aa7c4e7481e23825ea70af4b4922f8ede5b9e35f78a3b1",
                "sha256:6f1e273a344928347c1290119b493a1f0303c52f5a5eae5f16d74f48c15d4a85",
                "sha256:6fffc775d90dcc9aed1b89219549b329a9250d918fd0b8fa8d93d154918422e1",
                "sha256:717ba8fe3ae9cc0006d7c451f0bb265ee07739daf76355d06366154ee68d221e",
                "sha256:79855e1c5b8da654cf486b830bd42c06e8780cea587384cf6545b7d9ac013a0b",
                "sha256:7c1699dfe0cf8ff607dbdcc1e9b9af1755371f92a68f706051cc8c37d447c905",
                "sha256:7fed13866cf14bba33e7176717346713881f56d9d2bcebab207f7a036f41b850",
                "sha256:84dee80c15f1b560d55bcfe6d47b27d070b4681c699c572af2e3c7cc90a3b8e0",
                "sha256:88e5fcfb52ee7b911e8bb6d6aa2fd21fbecc674eadd44118a9cc3863f938e735",
                "sha256:8defac2f2ccd6805ebf65f5eeb132adcf2ab57aa11fdf4c0dd5169a004710e7d",
                "sha256:98bae9582248d6cf62321dcb52aaf5d9adf0bad3b40582925ef7c7f0ed85fceb",
                "sha256:98c7086708b163d425c67c7a91bad6e466bb99d797aa64f965e9d25c12111a5e",
                "sha256:9add70b36c5666a2ed02b43b335fe19002ee5235efd4b8a89bfcf9005bebac0d",
                "sha256:9bf40443012702a1d2070043cb6291650a0841ece432556f784f004937f0f32c",
                "sha256:a6a744282b7718a2a62d2ed9d993cad6f5f585605ad352c11de459f4108df0a1",
                "sha256:acf08ac40292838b3cbbb06cfe9b2cb9ec78fce8baca31ddb87aaac2e2dc3bc2",
                "sha256:ade5e387d2ad0d7ebf59146cc00c8044acbd863725f887353a10df825fc8ae21",
                "sha256:b00c1de48212e4cc9603895652c5c410df699856a2853135b3967591e4beebc2",
                "sha256:b1282f8c00509d99fef04d8ba936b156d419be841854fe901d8ae224c59f0be5",
                "sha256:b1dba4527182c95a0db8b6060cc98ac49b9e2f5e64320e2b56e47cb2831978c7",
                "sha256:b2051432115498d3562c084a49bba65d97cf251f5a331c64a12ee7e04dacc51b",
                "sha256:b7d644ddb4dbd407d31ffb699f1d140bc35478da613b441c582aeb7c43838dd8",
                "sha256:ba59edeaa2fc6114428f1637ffff42da1e311e29382d81b339c1817d37ec93c6",
                "sha256:bf5aa3cbcfdf57fa2ee9cd1822c862ef23037f5c832ad09cfea57fa846dec193",
                "sha256:c8716a48d94b06bb3b2524c2b77e055fb313aeb4ea620c8dd03a105574ba704f",
                "sha256:caabedc8323f1e93231b52fc32bdcde6db817623d33e100708d9a68e1f53b26b",
                "sha256:cd5df75523866410809ca100dc9681e301e3c27567cf498077e8551b6d20e42f",
                "sha256:cdb132fc825c38e1aeec2c8aa9338310d29d337bebbd7baa06889d09a60a1fa2",
                "sha256:d53bc011414228441014aa71dbec320c66468c1030aae3a6e29778a3382d96e5",
                "sha256:d73a845f227b0bfe8a7455ee623525ee656a9e2e749e4742706d80a6065d5e2c",
                "sha256:d9be0ba6c527163cbed5e0857c451fcd092ce83947944d6c14bc95441203f032",
                "sha256:e249096428b3ae81b08327a63a485ad0878de3fb939049038579ac0ef61e17e7",
                "sha256:e8313f01ba26fbbe36c7be1966a7b7424942f670f38e666995b88d012765b9be",
                "sha256:feb7b34d6325451ef96bc0e36e1a6c0c1c64bc1fbec4b854f4529e51887b1621"
            ],
            "version": "==1.1.1"
        },
        "nwdiag": {
            "hashes": [
                "sha256:5cd7fafd6085cd762ca9171234d07d2a33c6e81f5c66a1b233992e76300d74e2",
                "sha256:76b9a734d93e6c72efd357efd973094a84648b2b727a06e982e229ec9384336e"
            ],
            "version": "==2.0.0"
        },
        "packaging": {
            "hashes": [
                "sha256:5b327ac1320dc863dca72f4514ecc086f31186744b84a230374cc1fd776feae5",
                "sha256:67714da7f7bc052e064859c05c595155bd1ee9f69f76557e21f051443c20947a"
            ],
            "version": "==20.9"
        },
        "pdfrw": {
            "hashes": [
                "sha256:0dc0494a0e6561b268542b28ede2280387c2728114f117d3bb5d8e4787b93ef4",
                "sha256:758289edaa3b672e9a1a67504be73c18ec668d4e5b9d5ac9cbc0dc753d8d196b"
            ],
            "version": "==0.4"
        },
        "pillow": {
            "hashes": [
                "sha256:01bb0a34f1a6689b138c0089d670ae2e8f886d2666a9b2f2019031abdea673c4",
                "sha256:07872f1d8421db5a3fe770f7480835e5e90fddb58f36c216d4a2ac0d594de474",
                "sha256:1022f8f6dc3c5b0dcf928f1c49ba2ac73051f576af100d57776e2b65c1f76a8d",
                "sha256:14415e9e28410232370615dbde0cf0a00e526f522f665460344a5b96973a3086",
                "sha256:172acfaf00434a28dddfe592d83f2980e22e63c769ff4a448ddf7b7a38ffd165",
                "sha256:1c5e3c36f02c815766ae9dd91899b1c5b4652f2a37b7a51609f3bd467c0f11fb",
                "sha256:292f2aa1ae5c5c1451cb4b558addb88c257411d3fd71c6cf45562911baffc979",
                "sha256:2a40d7d4b17db87f5b9a1efc0aff56000e1d0d5ece415090c102aafa0ccbe858",
                "sha256:2f0d7034d5faae9a8d1019d152ede924f653df2ce77d3bba4ce62cd21b5f94ae",
                "sha256:33fdbd4f5608c852d97264f9d2e3b54e9e9959083d008145175b86100b275e5b",
                "sha256:3b13d89d97b551e02549d1f0edf22bed6acfd6fd2e888cd1e9a953bf215f0e81",
                "sha256:3e759bcc03d6f39bc751e56d86bc87252b9a21c689a27c5ed753717a87d53a5b",
                "sha256:3ec87bd1248b23a2e4e19e774367fbe30fddc73913edc5f9b37470624f55dc1f",
                "sha256:436b0a2dd9fe3f7aa6a444af6bdf53c1eb8f5ced9ea3ef104daa83f0ea18e7bc",
                "sha256:43b3c859912e8bf754b3c5142df624794b18eb7ae07cfeddc917e1a9406a3ef2",
                "sha256:4fe74636ee71c57a7f65d7b21a9f127d842b4fb75511e5d256ace258826eb352",
                "sha256:59445af66b59cc39530b4f810776928d75e95f41e945f0c32a3de4aceb93c15d",
                "sha256:69da5b1d7102a61ce9b45deb2920a2012d52fd8f4201495ea9411d0071b0ec22",
                "sha256:7094bbdecb95ebe53166e4c12cf5e28310c2b550b08c07c5dc15433898e2238e",
                "sha256:8211cac9bf10461f9e33fe9a3af6c5131f3fdd0d10672afc2abb2c70cf95c5ca",
                "sha256:8cf77e458bd996dc85455f10fe443c0c946f5b13253773439bcbec08aa1aebc2",
                "sha256:924fc33cb4acaf6267b8ca3b8f1922620d57a28470d5e4f49672cea9a841eb08",
                "sha256:99ce3333b40b7a4435e0a18baad468d44ab118a4b1da0af0a888893d03253f1d",
                "sha256:a7d690b2c5f7e4a932374615fedceb1e305d2dd5363c1de15961725fe10e7d16",
                "sha256:b9af590adc1e46898a1276527f3cfe2da8048ae43fbbf9b1bf9395f6c99d9b47",
                "sha256:bb18422ad00c1fecc731d06592e99c3be2c634da19e26942ba2f13d805005cf2",
                "sha256:c10af40ee2f1a99e1ae755ab1f773916e8bca3364029a042cd9161c400416bd8",
                "sha256:c143c409e7bc1db784471fe9d0bf95f37c4458e879ad84cfae640cb74ee11a26",
                "sha256:c448d2b335e21951416a30cd48d35588d122a912d5fe9e41900afacecc7d21a1",
                "sha256:d30f30c044bdc0ab8f3924e1eeaac87e0ff8a27e87369c5cac4064b6ec78fd83",
                "sha256:df534e64d4f3e84e8f1e1a37da3f541555d947c1c1c09b32178537f0f243f69d",
                "sha256:f6fc18f9c9c7959bf58e6faf801d14fafb6d4717faaf6f79a68c8bb2a13dcf20",
                "sha256:ff83dfeb04c98bb3e7948f876c17513a34e9a19fd92e292288649164924c1b39"
            ],
            "index": "pypi",
            "version": "==8.1.1"
        },
        "pygments": {
            "hashes": [
                "sha256:2656e1a6edcdabf4275f9a3640db59fd5de107d88e8663c5d4e9a0fa62f77f94",
                "sha256:534ef71d539ae97d4c3a4cf7d6f110f214b0e687e92f9cb9d2a3b0d3101289c8"
            ],
            "version": "==2.8.1"
        },
        "pyparsing": {
            "hashes": [
                "sha256:c203ec8783bf771a155b207279b9bccb8dea02d8f0c9e5f8ead507bc3246ecc1",
                "sha256:ef9d7589ef3c200abe66653d3f1ab1033c3c419ae9b9bdb1240a85b024efc88b"
            ],
            "version": "==2.4.7"
        },
        "python-dateutil": {
            "hashes": [
                "sha256:73ebfe9dbf22e832286dafa60473e4cd239f8592f699aa5adaf10050e6e1823c",
                "sha256:75bb3f31ea686f1197762692a9ee6a7550b59fc6ca3a1f4b5d7e32fb98e2da2a"
            ],
            "version": "==2.8.1"
        },
        "pytz": {
            "hashes": [
                "sha256:83a4a90894bf38e243cf052c8b58f381bfe9a7a483f6a9cab140bc7f702ac4da",
                "sha256:eb10ce3e7736052ed3623d49975ce333bcd712c7bb19a58b9e2089d4057d0798"
            ],
            "version": "==2021.1"
        },
        "reportlab": {
            "hashes": [
                "sha256:13ac281c8d5c904089022377bd9646c910deae63e7342dd9552088d330d73e89",
                "sha256:14f38792176e41642f9ea7a83678df156d8abb3a90bbe396425a200614eed03d",
                "sha256:15aeb8f8bdad5fa666d18a7d229bc7eb8f4e5a1dc8423931b3e690b6ce5021bc",
                "sha256:1db86072b0ec3e5f9c5ab2980c61658ae3acee86e204b0d4c48112bc5cffd2f5",
                "sha256:202109018f40d620812cf30dc300ea73385aed305d1de63c42229cb881821ffb",
                "sha256:30e82ec00c566c4d8bfdcca0b93131749cc51ea0884395054d2afedf266f3f29",
                "sha256:374252d118719e7b9b1bd0e5ce3f7083b5aaaeb1a9422983aa63b116621d34ae",
                "sha256:3c1be70cf168ed29a449a009d7cad6dcc3e45d129f7ddb07b3854b8cee8d125b",
                "sha256:45fe94e90c6b48c4ae877339b777fcc4f822795c1d4c7a0d6cffaf24987199b1",
                "sha256:536f1ebf951cd48623974ba160c95e7c7219d4aa5664cdae17dffa2f19cf1cf3",
                "sha256:54827fa29843b15834e5bc618508f245f3addee7bf980eebacfebb74f150e611",
                "sha256:55c903f8aea4fbfca26f9f821c77c576c9791ce487ddfa3ffa1f2c44c5af79e2",
                "sha256:63fba51babad0047def4ffaa41d0065248ca39d680e98dc9e3010de5425539b4",
                "sha256:6fc3f01e9005ac53d639eafe22b3852937e42161d74a7d0681bc83f48cff1b30",
                "sha256:6ff269ea41daa5cfd6124b13da1481fc40db2539fa82107dd9675f6670d95c25",
                "sha256:7711fcdb0c1edfb48dcffd7e73430e9b5ceba0816a37fd269a327cd13088bcaf",
                "sha256:7d4a59975a743eddc15895014d738bb38cbdecdd2496f651fb05779486bcb536",
                "sha256:879e1123d49e0df76c478cccdacd4a9f4a2b4b445beec3d72a05f8b3775daa84",
                "sha256:aa1ec9557c0d9dbe3eceb6581220aa1d77c404b8ff3decb40eae0bf075512142",
                "sha256:ad0d3f657addd9c4215faf2699eafd54e89e404e35d696dda9dbe3c126132900",
                "sha256:b784685141fe3fc26d8f703b21f89073a0ce46a800d06b7d58f2ceb481a65644",
                "sha256:bd0870c840d47a6639df17c54f0c5676a06ab6798bb92ed8ef9b983c0326c2d0",
                "sha256:bdb0781d1d4d1ed0745f5f22c06ed60760865511e65046432d145f55fd908f60",
                "sha256:ce04f4bf9d15895bbfee6d53eb168cffd9fcedc625f0fcb5c343d809d0b37271",
                "sha256:cf76145a89bb0ebf562c3252ce4d254547fe59daeb80ce2076d89867e9c03735",
                "sha256:e8ebb34f30a11ac4196ae83d0b4f1f87bbe326c0f8a6eb4b768e622ec7f017f5",
                "sha256:ed4b80c24a4e5e91927aa95901cce3f6fef7551e94a72ac5a2fa22740708cbff",
                "sha256:f8a8f8b62cc150f71310e444ded4e32e7136c75aced6738877c3328e84338c94",
                "sha256:fdf604246a5318157a581a483ceb0aab858582b478b24016768fdaff1c190f50"
            ],
            "version": "==3.5.66"
        },
        "requests": {
            "hashes": [
                "sha256:27973dd4a904a4f13b263a19c866c13b92a39ed1c964655f025f3f8d3d75b804",
                "sha256:c210084e36a42ae6b9219e00e48287def368a26d03a048ddad7bfee44f75871e"
            ],
            "version": "==2.25.1"
        },
        "rst2pdf": {
            "hashes": [
                "sha256:343a2a75b2fe8cdf174c170a547a43b294129e68e24be8c18a6b9d1494c9f0b1",
                "sha256:dd5490112a35ac8dc5bbc64be01ee460d1fcde80086560ca2bda8ee6e6f1ccb1"
            ],
            "index": "pypi",
            "version": "==0.97"
        },
        "seqdiag": {
            "hashes": [
                "sha256:3167f16b4d15f3cd20de302fa600c96e4a50c92dae873bcbcf136c7588eeaa48",
                "sha256:93ebc7a0c6b56b6ba0d1e36863c5749f03e82c487b6d1e6f1103b4219323f24c"
            ],
            "version": "==2.0.0"
        },
        "six": {
            "hashes": [
                "sha256:30639c035cdb23534cd4aa2dd52c3bf48f06e5f4a941509c8bafd8ce11080259",
                "sha256:8b74bedcbbbaca38ff6d7491d76f2b06b3592611af620f8426e82dddb04a5ced"
            ],
            "version": "==1.15.0"
        },
        "smartypants": {
            "hashes": [
                "sha256:8db97f7cbdf08d15b158a86037cd9e116b4cf37703d24e0419a0d64ca5808f0d"
            ],
            "version": "==2.0.1"
        },
        "snowballstemmer": {
            "hashes": [
                "sha256:b51b447bea85f9968c13b650126a888aabd4cb4463fca868ec596826325dedc2",
                "sha256:e997baa4f2e9139951b6f4c631bad912dfd3c792467e2f03d7239464af90e914"
            ],
            "version": "==2.1.0"
        },
        "sphinx": {
            "hashes": [
                "sha256:62edfd92d955b868d6c124c0942eba966d54b5f3dcb4ded39e65f74abac3f572",
                "sha256:f5505d74cf9592f3b997380f9bdb2d2d0320ed74dd69691e3ee0644b956b8d83"
            ],
            "index": "pypi",
            "version": "==3.0.3"
        },
        "sphinx-automodapi": {
            "hashes": [
                "sha256:e1019336df7f7f0bcbf848eff7b84e7bef71691a57d8b5bda9107a2a046a226a",
                "sha256:f9ebc9c10597f3aab1d93e5a8b1829903eee7c64f5bafb0cf71fd40e5c7d95f0"
            ],
            "version": "==0.13"
        },
        "sphinx-rtd-theme": {
            "hashes": [
                "sha256:00cf895504a7895ee433807c62094cf1e95f065843bf3acd17037c3e9a2becd4",
                "sha256:728607e34d60456d736cc7991fd236afb828b21b82f956c5ea75f94c8414040a"
            ],
            "index": "pypi",
            "version": "==0.4.3"
        },
        "sphinxcontrib-actdiag": {
            "hashes": [
                "sha256:4edb8564e2e48a0e0c50b2e7743425ad34f1f11886c37e0cb23997a0f95a74c6",
                "sha256:7c828ffcdc5ba40aaf18ca08a1603e6c11a0eaab6ece6b60b775e9040ceeedbe"
            ],
            "index": "pypi",
            "version": "==2.0.0"
        },
        "sphinxcontrib-applehelp": {
            "hashes": [
                "sha256:806111e5e962be97c29ec4c1e7fe277bfd19e9652fb1a4392105b43e01af885a",
                "sha256:a072735ec80e7675e3f432fcae8610ecf509c5f1869d17e2eecff44389cdbc58"
            ],
            "version": "==1.0.2"
        },
        "sphinxcontrib-blockdiag": {
            "hashes": [
                "sha256:51ce7cff8d25dfd4c8a753d5aa5491e6dbf280004719c49e8001e583ecda7d91",
                "sha256:91fd35b64f1f25db59d80b8a5196ed4ffadf57a81f63ee207e34d53ec36d8f97"
            ],
            "index": "pypi",
            "version": "==2.0.0"
        },
        "sphinxcontrib-devhelp": {
            "hashes": [
                "sha256:8165223f9a335cc1af7ffe1ed31d2871f325254c0423bc0c4c7cd1c1e4734a2e",
                "sha256:ff7f1afa7b9642e7060379360a67e9c41e8f3121f2ce9164266f61b9f4b338e4"
            ],
            "version": "==1.0.2"
        },
        "sphinxcontrib-htmlhelp": {
            "hashes": [
                "sha256:3c0bc24a2c41e340ac37c85ced6dafc879ab485c095b1d65d2461ac2f7cca86f",
                "sha256:e8f5bb7e31b2dbb25b9cc435c8ab7a79787ebf7f906155729338f3156d93659b"
            ],
            "version": "==1.0.3"
        },
        "sphinxcontrib-jsmath": {
            "hashes": [
                "sha256:2ec2eaebfb78f3f2078e73666b1415417a116cc848b72e5172e596c871103178",
                "sha256:a9925e4a4587247ed2191a22df5f6970656cb8ca2bd6284309578f2153e0c4b8"
            ],
            "version": "==1.0.1"
        },
        "sphinxcontrib-nwdiag": {
            "hashes": [
                "sha256:5aae8c83b19e940409554b69249cf97e4f565331effd208cca9fddbc90b6ea36",
                "sha256:6ee95ad43bad46fe8dc1f65185c8997cb1d16665eee36a7eaaf6de13137ff859"
            ],
            "index": "pypi",
            "version": "==2.0.0"
        },
        "sphinxcontrib-plantuml": {
            "hashes": [
                "sha256:accc8c57f953cc74e87d043e5599b46eb5e5e9c4e3291e8c7822dcdd6c2ba520"
            ],
            "index": "pypi",
            "version": "==0.18"
        },
        "sphinxcontrib-qthelp": {
            "hashes": [
                "sha256:4c33767ee058b70dba89a6fc5c1892c0d57a54be67ddd3e7875a18d14cba5a72",
                "sha256:bd9fc24bcb748a8d51fd4ecaade681350aa63009a347a8c14e637895444dfab6"
            ],
            "version": "==1.0.3"
        },
        "sphinxcontrib-seqdiag": {
            "hashes": [
                "sha256:4c7275adafd6d97fe541a0e319b2f6ed5327d2558f240a7080a32b3e12f4258d",
                "sha256:f1a18953e9ccc0b316d7c28edfb97048030dea9bc37c97480dbc0bed5851d377"
            ],
            "index": "pypi",
            "version": "==2.0.0"
        },
        "sphinxcontrib-serializinghtml": {
            "hashes": [
                "sha256:eaa0eccc86e982a9b939b2b82d12cc5d013385ba5eadcc7e4fed23f4405f77bc",
                "sha256:f242a81d423f59617a8e5cf16f5d4d74e28ee9a66f9e5b637a18082991db5a9a"
            ],
            "version": "==1.1.4"
        },
        "urllib3": {
            "hashes": [
                "sha256:2f4da4594db7e1e110a944bb1b551fdf4e6c136ad42e4234131391e21eb5b0df",
                "sha256:e7b021f7241115872f92f43c6508082facffbd1c048e3c6e2bb9c2a157e28937"
            ],
            "version": "==1.26.4"
        },
        "watchdog": {
            "hashes": [
                "sha256:035f4816daf3c62e03503c267620f3aa8fc7472df85ff3ef1e0c100ea1ed2744",
                "sha256:0f7e9de9ba84af15e9e9fc29c3b13c972daa4d2b11de29aa86b26a26bc877c06",
                "sha256:13c9ff58508dce55ba416eb0ef7af5aa5858558f2ec51112f099fd03503b670b",
                "sha256:19675b8d1f00dabe74a0e66d87980623250d9360a21612e8c27b70a4b214ceeb",
                "sha256:1cd715c4fb803581ded8943f39a51f21c17375d009ca9e3398d6b20638863a70",
                "sha256:1f518a6940cde8720b8826a705c164e6b9bd6cf8c00f14269ffac51e017e06ec",
                "sha256:3e933f3567c4521dd1a5d59fd54a522cae90bebcbeb8b74b84a2f33c90f08388",
                "sha256:41b1a773f364f232b5bc184688e8d60451745d9e0971ac60c648bd47be8f4733",
                "sha256:532fedd993e75554671faa36cd04c580ced3fae084254a779afbbd8aaf00566b",
                "sha256:74528772516228f6a015a647027057939ff0b695a0b864cb3037e8e1aabc7ca0",
                "sha256:89102465764e453609463cf620e744da1b0aa1f9f321b05961e2e7e15b3c9d8b",
                "sha256:a412b1914e27f67b0a10e1ee19b5d035a9f7c115a062bbbd640653d9820ba4c8",
                "sha256:ac6adbdf32e1d180574f9d0819e80259ae48e68727e80c3d950ed5a023714c3e",
                "sha256:adda34bfe6db05485c1dfcd98232bdec385f991fe16358750c2163473eefb985",
                "sha256:d2fcbc15772a82cd139c803a513c45b0fbc72a10a8a34dc2a8b429110b6f1236",
                "sha256:d54e187b76053982180532cb7fd31152201c438b348c456f699929f8a89e786d",
                "sha256:e0114e48ee981b38e328eaa0d5a625c7b4fc144b8dc7f7637749d6b5f7fefb0e"
            ],
            "version": "==2.0.2"
        },
        "webcolors": {
            "hashes": [
                "sha256:76f360636957d1c976db7466bc71dcb713bb95ac8911944dffc55c01cb516de6",
                "sha256:b8cd5d865a25c51ff1218f0c90d0c0781fc64312a49b746b320cf50de1648f6e"
            ],
            "version": "==1.11.1"
        },
        "werkzeug": {
            "hashes": [
                "sha256:1e0dedc2acb1f46827daa2e399c1485c8fa17c0d8e70b6b875b4e7f54bf408d2",
                "sha256:b353856d37dec59d6511359f97f6a4b2468442e454bd1c98298ddce53cac1f04"
            ],
            "version": "==0.16.1"
        }
    },
    "develop": {}
}
